
Microsoft Visual Studio Solution File, Format Version 12.00
# Visual Studio 14
VisualStudioVersion = 14.0.25420.1
MinimumVisualStudioVersion = 10.0.40219.1
Project("{2150E333-8FDC-42A3-9474-1A3956D46DE8}") = "src", "src", "{6925F0FE-0626-458B-974A-8BDC1818E740}"
EndProject
Project("{2150E333-8FDC-42A3-9474-1A3956D46DE8}") = "tests", "tests", "{198195E8-0C01-4EB1-BF87-C5FD5A9631D9}"
EndProject
Project("{FAE04EC0-301F-11D3-BF4B-00C04F79EFBC}") = "AutoMocker", "src\AutoMocker\AutoMocker.csproj", "{23FAF8C5-2B1A-4FC7-8F91-3678AD23C698}"
EndProject
Project("{FAE04EC0-301F-11D3-BF4B-00C04F79EFBC}") = "AutoMocker.UnitTests", "tests\AutoMocker.UnitTests\AutoMocker.UnitTests.csproj", "{5A61EC93-B586-4CC0-B24B-8BFE6FE8C15E}"
EndProject
Global
	GlobalSection(SolutionConfigurationPlatforms) = preSolution
		Debug|Any CPU = Debug|Any CPU
		Release|Any CPU = Release|Any CPU
	EndGlobalSection
	GlobalSection(ProjectConfigurationPlatforms) = postSolution
		{23FAF8C5-2B1A-4FC7-8F91-3678AD23C698}.Debug|Any CPU.ActiveCfg = Debug|Any CPU
		{23FAF8C5-2B1A-4FC7-8F91-3678AD23C698}.Debug|Any CPU.Build.0 = Debug|Any CPU
		{23FAF8C5-2B1A-4FC7-8F91-3678AD23C698}.Release|Any CPU.ActiveCfg = Release|Any CPU
		{23FAF8C5-2B1A-4FC7-8F91-3678AD23C698}.Release|Any CPU.Build.0 = Release|Any CPU
		{5A61EC93-B586-4CC0-B24B-8BFE6FE8C15E}.Debug|Any CPU.ActiveCfg = Debug|Any CPU
		{5A61EC93-B586-4CC0-B24B-8BFE6FE8C15E}.Debug|Any CPU.Build.0 = Debug|Any CPU
		{5A61EC93-B586-4CC0-B24B-8BFE6FE8C15E}.Release|Any CPU.ActiveCfg = Release|Any CPU
		{5A61EC93-B586-4CC0-B24B-8BFE6FE8C15E}.Release|Any CPU.Build.0 = Release|Any CPU
	EndGlobalSection
	GlobalSection(SolutionProperties) = preSolution
		HideSolutionNode = FALSE
	EndGlobalSection
	GlobalSection(NestedProjects) = preSolution
		{23FAF8C5-2B1A-4FC7-8F91-3678AD23C698} = {6925F0FE-0626-458B-974A-8BDC1818E740}
		{5A61EC93-B586-4CC0-B24B-8BFE6FE8C15E} = {198195E8-0C01-4EB1-BF87-C5FD5A9631D9}
	EndGlobalSection
EndGlobal
